// !$*UTF8*$!
{
	archiveVersion = 1;
	classes = {
	};
	objectVersion = 56;
	objects = {

/* Begin PBXBuildFile section */
		D8D64ED92A880362003D7375 /* AppDelegate.swift in Sources */ = {isa = PBXBuildFile; fileRef = D8D64ED82A880362003D7375 /* AppDelegate.swift */; };
		D8D64EDB2A880362003D7375 /* SceneDelegate.swift in Sources */ = {isa = PBXBuildFile; fileRef = D8D64EDA2A880362003D7375 /* SceneDelegate.swift */; };
		D8D64EDD2A880362003D7375 /* ViewController.swift in Sources */ = {isa = PBXBuildFile; fileRef = D8D64EDC2A880362003D7375 /* ViewController.swift */; };
		D8D64EE02A880362003D7375 /* Main.storyboard in Resources */ = {isa = PBXBuildFile; fileRef = D8D64EDE2A880362003D7375 /* Main.storyboard */; };
		D8D64EE32A880362003D7375 /* Delegate.xcdatamodeld in Sources */ = {isa = PBXBuildFile; fileRef = D8D64EE12A880362003D7375 /* Delegate.xcdatamodeld */; };
		D8D64EE52A880365003D7375 /* Assets.xcassets in Resources */ = {isa = PBXBuildFile; fileRef = D8D64EE42A880365003D7375 /* Assets.xcassets */; };
		D8D64EE82A880365003D7375 /* LaunchScreen.storyboard in Resources */ = {isa = PBXBuildFile; fileRef = D8D64EE62A880365003D7375 /* LaunchScreen.storyboard */; };
		D8D64EF32A880366003D7375 /* DelegateTests.swift in Sources */ = {isa = PBXBuildFile; fileRef = D8D64EF22A880366003D7375 /* DelegateTests.swift */; };
		D8D64EFD2A880366003D7375 /* DelegateUITests.swift in Sources */ = {isa = PBXBuildFile; fileRef = D8D64EFC2A880366003D7375 /* DelegateUITests.swift */; };
		D8D64EFF2A880366003D7375 /* DelegateUITestsLaunchTests.swift in Sources */ = {isa = PBXBuildFile; fileRef = D8D64EFE2A880366003D7375 /* DelegateUITestsLaunchTests.swift */; };
/* End PBXBuildFile section */

/* Begin PBXContainerItemProxy section */
		D8D64EEF2A880366003D7375 /* PBXContainerItemProxy */ = {
			isa = PBXContainerItemProxy;
			containerPortal = D8D64ECD2A880362003D7375 /* Project object */;
			proxyType = 1;
			remoteGlobalIDString = D8D64ED42A880362003D7375;
			remoteInfo = Delegate;
		};
		D8D64EF92A880366003D7375 /* PBXContainerItemProxy */ = {
			isa = PBXContainerItemProxy;
			containerPortal = D8D64ECD2A880362003D7375 /* Project object */;
			proxyType = 1;
			remoteGlobalIDString = D8D64ED42A880362003D7375;
			remoteInfo = Delegate;
		};
/* End PBXContainerItemProxy section */

/* Begin PBXFileReference section */
		D8D64ED52A880362003D7375 /* Delegate.app */ = {isa = PBXFileReference; explicitFileType = wrapper.application; includeInIndex = 0; path = Delegate.app; sourceTree = BUILT_PRODUCTS_DIR; };
		D8D64ED82A880362003D7375 /* AppDelegate.swift */ = {isa = PBXFileReference; lastKnownFileType = sourcecode.swift; path = AppDelegate.swift; sourceTree = "<group>"; };
		D8D64EDA2A880362003D7375 /* SceneDelegate.swift */ = {isa = PBXFileReference; lastKnownFileType = sourcecode.swift; path = SceneDelegate.swift; sourceTree = "<group>"; };
		D8D64EDC2A880362003D7375 /* ViewController.swift */ = {isa = PBXFileReference; lastKnownFileType = sourcecode.swift; path = ViewController.swift; sourceTree = "<group>"; };
		D8D64EDF2A880362003D7375 /* Base */ = {isa = PBXFileReference; lastKnownFileType = file.storyboard; name = Base; path = Base.lproj/Main.storyboard; sourceTree = "<group>"; };
		D8D64EE22A880362003D7375 /* Delegate.xcdatamodel */ = {isa = PBXFileReference; lastKnownFileType = wrapper.xcdatamodel; path = Delegate.xcdatamodel; sourceTree = "<group>"; };
		D8D64EE42A880365003D7375 /* Assets.xcassets */ = {isa = PBXFileReference; lastKnownFileType = folder.assetcatalog; path = Assets.xcassets; sourceTree = "<group>"; };
		D8D64EE72A880365003D7375 /* Base */ = {isa = PBXFileReference; lastKnownFileType = file.storyboard; name = Base; path = Base.lproj/LaunchScreen.storyboard; sourceTree = "<group>"; };
		D8D64EE92A880365003D7375 /* Info.plist */ = {isa = PBXFileReference; lastKnownFileType = text.plist.xml; path = Info.plist; sourceTree = "<group>"; };
		D8D64EEE2A880366003D7375 /* DelegateTests.xctest */ = {isa = PBXFileReference; explicitFileType = wrapper.cfbundle; includeInIndex = 0; path = DelegateTests.xctest; sourceTree = BUILT_PRODUCTS_DIR; };
		D8D64EF22A880366003D7375 /* DelegateTests.swift */ = {isa = PBXFileReference; lastKnownFileType = sourcecode.swift; path = DelegateTests.swift; sourceTree = "<group>"; };
		D8D64EF82A880366003D7375 /* DelegateUITests.xctest */ = {isa = PBXFileReference; explicitFileType = wrapper.cfbundle; includeInIndex = 0; path = DelegateUITests.xctest; sourceTree = BUILT_PRODUCTS_DIR; };
		D8D64EFC2A880366003D7375 /* DelegateUITests.swift */ = {isa = PBXFileReference; lastKnownFileType = sourcecode.swift; path = DelegateUITests.swift; sourceTree = "<group>"; };
		D8D64EFE2A880366003D7375 /* DelegateUITestsLaunchTests.swift */ = {isa = PBXFileReference; lastKnownFileType = sourcecode.swift; path = DelegateUITestsLaunchTests.swift; sourceTree = "<group>"; };
/* End PBXFileReference section */

/* Begin PBXFrameworksBuildPhase section */
		D8D64ED22A880362003D7375 /* Frameworks */ = {
			isa = PBXFrameworksBuildPhase;
			buildActionMask = 2147483647;
			files = (
			);
			runOnlyForDeploymentPostprocessing = 0;
		};
		D8D64EEB2A880366003D7375 /* Frameworks */ = {
			isa = PBXFrameworksBuildPhase;
			buildActionMask = 2147483647;
			files = (
			);
			runOnlyForDeploymentPostprocessing = 0;
		};
		D8D64EF52A880366003D7375 /* Frameworks */ = {
			isa = PBXFrameworksBuildPhase;
			buildActionMask = 2147483647;
			files = (
			);
			runOnlyForDeploymentPostprocessing = 0;
		};
/* End PBXFrameworksBuildPhase section */

/* Begin PBXGroup section */
		D8D64ECC2A880362003D7375 = {
			isa = PBXGroup;
			children = (
				D8D64ED72A880362003D7375 /* Delegate */,
				D8D64EF12A880366003D7375 /* DelegateTests */,
				D8D64EFB2A880366003D7375 /* DelegateUITests */,
				D8D64ED62A880362003D7375 /* Products */,
			);
			sourceTree = "<group>";
		};
		D8D64ED62A880362003D7375 /* Products */ = {
			isa = PBXGroup;
			children = (
				D8D64ED52A880362003D7375 /* Delegate.app */,
				D8D64EEE2A880366003D7375 /* DelegateTests.xctest */,
				D8D64EF82A880366003D7375 /* DelegateUITests.xctest */,
			);
			name = Products;
			sourceTree = "<group>";
		};
		D8D64ED72A880362003D7375 /* Delegate */ = {
			isa = PBXGroup;
			children = (
				D8D64ED82A880362003D7375 /* AppDelegate.swift */,
				D8D64EDA2A880362003D7375 /* SceneDelegate.swift */,
				D8D64EDC2A880362003D7375 /* ViewController.swift */,
				D8D64EDE2A880362003D7375 /* Main.storyboard */,
				D8D64EE42A880365003D7375 /* Assets.xcassets */,
				D8D64EE62A880365003D7375 /* LaunchScreen.storyboard */,
				D8D64EE92A880365003D7375 /* Info.plist */,
				D8D64EE12A880362003D7375 /* Delegate.xcdatamodeld */,
			);
			path = Delegate;
			sourceTree = "<group>";
		};
		D8D64EF12A880366003D7375 /* DelegateTests */ = {
			isa = PBXGroup;
			children = (
				D8D64EF22A880366003D7375 /* DelegateTests.swift */,
			);
			path = DelegateTests;
			sourceTree = "<group>";
		};
		D8D64EFB2A880366003D7375 /* DelegateUITests */ = {
			isa = PBXGroup;
			children = (
				D8D64EFC2A880366003D7375 /* DelegateUITests.swift */,
				D8D64EFE2A880366003D7375 /* DelegateUITestsLaunchTests.swift */,
			);
			path = DelegateUITests;
			sourceTree = "<group>";
		};
/* End PBXGroup section */

/* Begin PBXNativeTarget section */
		D8D64ED42A880362003D7375 /* Delegate */ = {
			isa = PBXNativeTarget;
			buildConfigurationList = D8D64F022A880366003D7375 /* Build configuration list for PBXNativeTarget "Delegate" */;
			buildPhases = (
				D8D64ED12A880362003D7375 /* Sources */,
				D8D64ED22A880362003D7375 /* Frameworks */,
				D8D64ED32A880362003D7375 /* Resources */,
			);
			buildRules = (
			);
			dependencies = (
			);
			name = Delegate;
			productName = Delegate;
			productReference = D8D64ED52A880362003D7375 /* Delegate.app */;
			productType = "com.apple.product-type.application";
		};
		D8D64EED2A880366003D7375 /* DelegateTests */ = {
			isa = PBXNativeTarget;
			buildConfigurationList = D8D64F052A880366003D7375 /* Build configuration list for PBXNativeTarget "DelegateTests" */;
			buildPhases = (
				D8D64EEA2A880366003D7375 /* Sources */,
				D8D64EEB2A880366003D7375 /* Frameworks */,
				D8D64EEC2A880366003D7375 /* Resources */,
			);
			buildRules = (
			);
			dependencies = (
				D8D64EF02A880366003D7375 /* PBXTargetDependency */,
			);
			name = DelegateTests;
			productName = DelegateTests;
			productReference = D8D64EEE2A880366003D7375 /* DelegateTests.xctest */;
			productType = "com.apple.product-type.bundle.unit-test";
		};
		D8D64EF72A880366003D7375 /* DelegateUITests */ = {
			isa = PBXNativeTarget;
			buildConfigurationList = D8D64F082A880366003D7375 /* Build configuration list for PBXNativeTarget "DelegateUITests" */;
			buildPhases = (
				D8D64EF42A880366003D7375 /* Sources */,
				D8D64EF52A880366003D7375 /* Frameworks */,
				D8D64EF62A880366003D7375 /* Resources */,
			);
			buildRules = (
			);
			dependencies = (
				D8D64EFA2A880366003D7375 /* PBXTargetDependency */,
			);
			name = DelegateUITests;
			productName = DelegateUITests;
			productReference = D8D64EF82A880366003D7375 /* DelegateUITests.xctest */;
			productType = "com.apple.product-type.bundle.ui-testing";
		};
/* End PBXNativeTarget section */

/* Begin PBXProject section */
		D8D64ECD2A880362003D7375 /* Project object */ = {
			isa = PBXProject;
			attributes = {
				BuildIndependentTargetsInParallel = 1;
				LastSwiftUpdateCheck = 1430;
				LastUpgradeCheck = 1430;
				TargetAttributes = {
					D8D64ED42A880362003D7375 = {
						CreatedOnToolsVersion = 14.3;
					};
					D8D64EED2A880366003D7375 = {
						CreatedOnToolsVersion = 14.3;
						TestTargetID = D8D64ED42A880362003D7375;
					};
					D8D64EF72A880366003D7375 = {
						CreatedOnToolsVersion = 14.3;
						TestTargetID = D8D64ED42A880362003D7375;
					};
				};
			};
			buildConfigurationList = D8D64ED02A880362003D7375 /* Build configuration list for PBXProject "Delegate" */;
			compatibilityVersion = "Xcode 14.0";
			developmentRegion = en;
			hasScannedForEncodings = 0;
			knownRegions = (
				en,
				Base,
			);
			mainGroup = D8D64ECC2A880362003D7375;
			productRefGroup = D8D64ED62A880362003D7375 /* Products */;
			projectDirPath = "";
			projectRoot = "";
			targets = (
				D8D64ED42A880362003D7375 /* Delegate */,
				D8D64EED2A880366003D7375 /* DelegateTests */,
				D8D64EF72A880366003D7375 /* DelegateUITests */,
			);
		};
/* End PBXProject section */

/* Begin PBXResourcesBuildPhase section */
		D8D64ED32A880362003D7375 /* Resources */ = {
			isa = PBXResourcesBuildPhase;
			buildActionMask = 2147483647;
			files = (
				D8D64EE82A880365003D7375 /* LaunchScreen.storyboard in Resources */,
				D8D64EE52A880365003D7375 /* Assets.xcassets in Resources */,
				D8D64EE02A880362003D7375 /* Main.storyboard in Resources */,
			);
			runOnlyForDeploymentPostprocessing = 0;
		};
		D8D64EEC2A880366003D7375 /* Resources */ = {
			isa = PBXResourcesBuildPhase;
			buildActionMask = 2147483647;
			files = (
			);
			runOnlyForDeploymentPostprocessing = 0;
		};
		D8D64EF62A880366003D7375 /* Resources */ = {
			isa = PBXResourcesBuildPhase;
			buildActionMask = 2147483647;
			files = (
			);
			runOnlyForDeploymentPostprocessing = 0;
		};
/* End PBXResourcesBuildPhase section */

/* Begin PBXSourcesBuildPhase section */
		D8D64ED12A880362003D7375 /* Sources */ = {
			isa = PBXSourcesBuildPhase;
			buildActionMask = 2147483647;
			files = (
				D8D64EE32A880362003D7375 /* Delegate.xcdatamodeld in Sources */,
				D8D64EDD2A880362003D7375 /* ViewController.swift in Sources */,
				D8D64ED92A880362003D7375 /* AppDelegate.swift in Sources */,
				D8D64EDB2A880362003D7375 /* SceneDelegate.swift in Sources */,
			);
			runOnlyForDeploymentPostprocessing = 0;
		};
		D8D64EEA2A880366003D7375 /* Sources */ = {
			isa = PBXSourcesBuildPhase;
			buildActionMask = 2147483647;
			files = (
				D8D64EF32A880366003D7375 /* DelegateTests.swift in Sources */,
			);
			runOnlyForDeploymentPostprocessing = 0;
		};
		D8D64EF42A880366003D7375 /* Sources */ = {
			isa = PBXSourcesBuildPhase;
			buildActionMask = 2147483647;
			files = (
				D8D64EFF2A880366003D7375 /* DelegateUITestsLaunchTests.swift in Sources */,
				D8D64EFD2A880366003D7375 /* DelegateUITests.swift in Sources */,
			);
			runOnlyForDeploymentPostprocessing = 0;
		};
/* End PBXSourcesBuildPhase section */

/* Begin PBXTargetDependency section */
		D8D64EF02A880366003D7375 /* PBXTargetDependency */ = {
			isa = PBXTargetDependency;
			target = D8D64ED42A880362003D7375 /* Delegate */;
			targetProxy = D8D64EEF2A880366003D7375 /* PBXContainerItemProxy */;
		};
		D8D64EFA2A880366003D7375 /* PBXTargetDependency */ = {
			isa = PBXTargetDependency;
			target = D8D64ED42A880362003D7375 /* Delegate */;
			targetProxy = D8D64EF92A880366003D7375 /* PBXContainerItemProxy */;
		};
/* End PBXTargetDependency section */

/* Begin PBXVariantGroup section */
		D8D64EDE2A880362003D7375 /* Main.storyboard */ = {
			isa = PBXVariantGroup;
			children = (
				D8D64EDF2A880362003D7375 /* Base */,
			);
			name = Main.storyboard;
			sourceTree = "<group>";
		};
		D8D64EE62A880365003D7375 /* LaunchScreen.storyboard */ = {
			isa = PBXVariantGroup;
			children = (
				D8D64EE72A880365003D7375 /* Base */,
			);
			name = LaunchScreen.storyboard;
			sourceTree = "<group>";
		};
/* End PBXVariantGroup section */

/* Begin XCBuildConfiguration section */
		D8D64F002A880366003D7375 /* Debug */ = {
			isa = XCBuildConfiguration;
			buildSettings = {
				ALWAYS_SEARCH_USER_PATHS = NO;
				CLANG_ANALYZER_NONNULL = YES;
				CLANG_ANALYZER_NUMBER_OBJECT_CONVERSION = YES_AGGRESSIVE;
				CLANG_CXX_LANGUAGE_STANDARD = "gnu++20";
				CLANG_ENABLE_MODULES = YES;
				CLANG_ENABLE_OBJC_ARC = YES;
				CLANG_ENABLE_OBJC_WEAK = YES;
				CLANG_WARN_BLOCK_CAPTURE_AUTORELEASING = YES;
				CLANG_WARN_BOOL_CONVERSION = YES;
				CLANG_WARN_COMMA = YES;
				CLANG_WARN_CONSTANT_CONVERSION = YES;
				CLANG_WARN_DEPRECATED_OBJC_IMPLEMENTATIONS = YES;
				CLANG_WARN_DIRECT_OBJC_ISA_USAGE = YES_ERROR;
				CLANG_WARN_DOCUMENTATION_COMMENTS = YES;
				CLANG_WARN_EMPTY_BODY = YES;
				CLANG_WARN_ENUM_CONVERSION = YES;
				CLANG_WARN_INFINITE_RECURSION = YES;
				CLANG_WARN_INT_CONVERSION = YES;
				CLANG_WARN_NON_LITERAL_NULL_CONVERSION = YES;
				CLANG_WARN_OBJC_IMPLICIT_RETAIN_SELF = YES;
				CLANG_WARN_OBJC_LITERAL_CONVERSION = YES;
				CLANG_WARN_OBJC_ROOT_CLASS = YES_ERROR;
				CLANG_WARN_QUOTED_INCLUDE_IN_FRAMEWORK_HEADER = YES;
				CLANG_WARN_RANGE_LOOP_ANALYSIS = YES;
				CLANG_WARN_STRICT_PROTOTYPES = YES;
				CLANG_WARN_SUSPICIOUS_MOVE = YES;
				CLANG_WARN_UNGUARDED_AVAILABILITY = YES_AGGRESSIVE;
				CLANG_WARN_UNREACHABLE_CODE = YES;
				CLANG_WARN__DUPLICATE_METHOD_MATCH = YES;
				COPY_PHASE_STRIP = NO;
				DEBUG_INFORMATION_FORMAT = dwarf;
				ENABLE_STRICT_OBJC_MSGSEND = YES;
				ENABLE_TESTABILITY = YES;
				GCC_C_LANGUAGE_STANDARD = gnu11;
				GCC_DYNAMIC_NO_PIC = NO;
				GCC_NO_COMMON_BLOCKS = YES;
				GCC_OPTIMIZATION_LEVEL = 0;
				GCC_PREPROCESSOR_DEFINITIONS = (
					"DEBUG=1",
					"$(inherited)",
				);
				GCC_WARN_64_TO_32_BIT_CONVERSION = YES;
				GCC_WARN_ABOUT_RETURN_TYPE = YES_ERROR;
				GCC_WARN_UNDECLARED_SELECTOR = YES;
				GCC_WARN_UNINITIALIZED_AUTOS = YES_AGGRESSIVE;
				GCC_WARN_UNUSED_FUNCTION = YES;
				GCC_WARN_UNUSED_VARIABLE = YES;
				IPHONEOS_DEPLOYMENT_TARGET = 16.4;
				MTL_ENABLE_DEBUG_INFO = INCLUDE_SOURCE;
				MTL_FAST_MATH = YES;
				ONLY_ACTIVE_ARCH = YES;
				SDKROOT = iphoneos;
				SWIFT_ACTIVE_COMPILATION_CONDITIONS = DEBUG;
				SWIFT_OPTIMIZATION_LEVEL = "-Onone";
			};
			name = Debug;
		};
		D8D64F012A880366003D7375 /* Release */ = {
			isa = XCBuildConfiguration;
			buildSettings = {
				ALWAYS_SEARCH_USER_PATHS = NO;
				CLANG_ANALYZER_NONNULL = YES;
				CLANG_ANALYZER_NUMBER_OBJECT_CONVERSION = YES_AGGRESSIVE;
				CLANG_CXX_LANGUAGE_STANDARD = "gnu++20";
				CLANG_ENABLE_MODULES = YES;
				CLANG_ENABLE_OBJC_ARC = YES;
				CLANG_ENABLE_OBJC_WEAK = YES;
				CLANG_WARN_BLOCK_CAPTURE_AUTORELEASING = YES;
				CLANG_WARN_BOOL_CONVERSION = YES;
				CLANG_WARN_COMMA = YES;
				CLANG_WARN_CONSTANT_CONVERSION = YES;
				CLANG_WARN_DEPRECATED_OBJC_IMPLEMENTATIONS = YES;
				CLANG_WARN_DIRECT_OBJC_ISA_USAGE = YES_ERROR;
				CLANG_WARN_DOCUMENTATION_COMMENTS = YES;
				CLANG_WARN_EMPTY_BODY = YES;
				CLANG_WARN_ENUM_CONVERSION = YES;
				CLANG_WARN_INFINITE_RECURSION = YES;
				CLANG_WARN_INT_CONVERSION = YES;
				CLANG_WARN_NON_LITERAL_NULL_CONVERSION = YES;
				CLANG_WARN_OBJC_IMPLICIT_RETAIN_SELF = YES;
				CLANG_WARN_OBJC_LITERAL_CONVERSION = YES;
				CLANG_WARN_OBJC_ROOT_CLASS = YES_ERROR;
				CLANG_WARN_QUOTED_INCLUDE_IN_FRAMEWORK_HEADER = YES;
				CLANG_WARN_RANGE_LOOP_ANALYSIS = YES;
				CLANG_WARN_STRICT_PROTOTYPES = YES;
				CLANG_WARN_SUSPICIOUS_MOVE = YES;
				CLANG_WARN_UNGUARDED_AVAILABILITY = YES_AGGRESSIVE;
				CLANG_WARN_UNREACHABLE_CODE = YES;
				CLANG_WARN__DUPLICATE_METHOD_MATCH = YES;
				COPY_PHASE_STRIP = NO;
				DEBUG_INFORMATION_FORMAT = "dwarf-with-dsym";
				ENABLE_NS_ASSERTIONS = NO;
				ENABLE_STRICT_OBJC_MSGSEND = YES;
				GCC_C_LANGUAGE_STANDARD = gnu11;
				GCC_NO_COMMON_BLOCKS = YES;
				GCC_WARN_64_TO_32_BIT_CONVERSION = YES;
				GCC_WARN_ABOUT_RETURN_TYPE = YES_ERROR;
				GCC_WARN_UNDECLARED_SELECTOR = YES;
				GCC_WARN_UNINITIALIZED_AUTOS = YES_AGGRESSIVE;
				GCC_WARN_UNUSED_FUNCTION = YES;
				GCC_WARN_UNUSED_VARIABLE = YES;
				IPHONEOS_DEPLOYMENT_TARGET = 16.4;
				MTL_ENABLE_DEBUG_INFO = NO;
				MTL_FAST_MATH = YES;
				SDKROOT = iphoneos;
				SWIFT_COMPILATION_MODE = wholemodule;
				SWIFT_OPTIMIZATION_LEVEL = "-O";
				VALIDATE_PRODUCT = YES;
			};
			name = Release;
		};
		D8D64F032A880366003D7375 /* Debug */ = {
			isa = XCBuildConfiguration;
			buildSettings = {
				ASSETCATALOG_COMPILER_APPICON_NAME = AppIcon;
				ASSETCATALOG_COMPILER_GLOBAL_ACCENT_COLOR_NAME = AccentColor;
				CODE_SIGN_STYLE = Automatic;
				CURRENT_PROJECT_VERSION = 1;
				DEVELOPMENT_TEAM = 9D9LRNTGK8;
				GENERATE_INFOPLIST_FILE = YES;
				INFOPLIST_FILE = Delegate/Info.plist;
				INFOPLIST_KEY_UIApplicationSupportsIndirectInputEvents = YES;
				INFOPLIST_KEY_UILaunchStoryboardName = LaunchScreen;
				INFOPLIST_KEY_UIMainStoryboardFile = Main;
				INFOPLIST_KEY_UISupportedInterfaceOrientations_iPad = "UIInterfaceOrientationPortrait UIInterfaceOrientationPortraitUpsideDown UIInterfaceOrientationLandscapeLeft UIInterfaceOrientationLandscapeRight";
				INFOPLIST_KEY_UISupportedInterfaceOrientations_iPhone = "UIInterfaceOrientationPortrait UIInterfaceOrientationLandscapeLeft UIInterfaceOrientationLandscapeRight";
				LD_RUNPATH_SEARCH_PATHS = (
					"$(inherited)",
					"@executable_path/Frameworks",
				);
				MARKETING_VERSION = 1.0;
				PRODUCT_BUNDLE_IDENTIFIER = kz.gk.Delegate;
				PRODUCT_NAME = "$(TARGET_NAME)";
				SWIFT_EMIT_LOC_STRINGS = YES;
				SWIFT_VERSION = 5.0;
				TARGETED_DEVICE_FAMILY = "1,2";
			};
			name = Debug;
		};
		D8D64F042A880366003D7375 /* Release */ = {
			isa = XCBuildConfiguration;
			buildSettings = {
				ASSETCATALOG_COMPILER_APPICON_NAME = AppIcon;
				ASSETCATALOG_COMPILER_GLOBAL_ACCENT_COLOR_NAME = AccentColor;
				CODE_SIGN_STYLE = Automatic;
				CURRENT_PROJECT_VERSION = 1;
				DEVELOPMENT_TEAM = 9D9LRNTGK8;
				GENERATE_INFOPLIST_FILE = YES;
				INFOPLIST_FILE = Delegate/Info.plist;
				INFOPLIST_KEY_UIApplicationSupportsIndirectInputEvents = YES;
				INFOPLIST_KEY_UILaunchStoryboardName = LaunchScreen;
				INFOPLIST_KEY_UIMainStoryboardFile = Main;
				INFOPLIST_KEY_UISupportedInterfaceOrientations_iPad = "UIInterfaceOrientationPortrait UIInterfaceOrientationPortraitUpsideDown UIInterfaceOrientationLandscapeLeft UIInterfaceOrientationLandscapeRight";
				INFOPLIST_KEY_UISupportedInterfaceOrientations_iPhone = "UIInterfaceOrientationPortrait UIInterfaceOrientationLandscapeLeft UIInterfaceOrientationLandscapeRight";
				LD_RUNPATH_SEARCH_PATHS = (
					"$(inherited)",
					"@executable_path/Frameworks",
				);
				MARKETING_VERSION = 1.0;
				PRODUCT_BUNDLE_IDENTIFIER = kz.gk.Delegate;
				PRODUCT_NAME = "$(TARGET_NAME)";
				SWIFT_EMIT_LOC_STRINGS = YES;
				SWIFT_VERSION = 5.0;
				TARGETED_DEVICE_FAMILY = "1,2";
			};
			name = Release;
		};
		D8D64F062A880366003D7375 /* Debug */ = {
			isa = XCBuildConfiguration;
			buildSettings = {
				ALWAYS_EMBED_SWIFT_STANDARD_LIBRARIES = YES;
				BUNDLE_LOADER = "$(TEST_HOST)";
				CODE_SIGN_STYLE = Automatic;
				CURRENT_PROJECT_VERSION = 1;
				DEVELOPMENT_TEAM = 9D9LRNTGK8;
				GENERATE_INFOPLIST_FILE = YES;
				IPHONEOS_DEPLOYMENT_TARGET = 16.4;
				MARKETING_VERSION = 1.0;
				PRODUCT_BUNDLE_IDENTIFIER = kz.gk.DelegateTests;
				PRODUCT_NAME = "$(TARGET_NAME)";
				SWIFT_EMIT_LOC_STRINGS = NO;
				SWIFT_VERSION = 5.0;
				TARGETED_DEVICE_FAMILY = "1,2";
				TEST_HOST = "$(BUILT_PRODUCTS_DIR)/Delegate.app/$(BUNDLE_EXECUTABLE_FOLDER_PATH)/Delegate";
			};
			name = Debug;
		};
		D8D64F072A880366003D7375 /* Release */ = {
			isa = XCBuildConfiguration;
			buildSettings = {
				ALWAYS_EMBED_SWIFT_STANDARD_LIBRARIES = YES;
				BUNDLE_LOADER = "$(TEST_HOST)";
				CODE_SIGN_STYLE = Automatic;
				CURRENT_PROJECT_VERSION = 1;
				DEVELOPMENT_TEAM = 9D9LRNTGK8;
				GENERATE_INFOPLIST_FILE = YES;
				IPHONEOS_DEPLOYMENT_TARGET = 16.4;
				MARKETING_VERSION = 1.0;
				PRODUCT_BUNDLE_IDENTIFIER = kz.gk.DelegateTests;
				PRODUCT_NAME = "$(TARGET_NAME)";
				SWIFT_EMIT_LOC_STRINGS = NO;
				SWIFT_VERSION = 5.0;
				TARGETED_DEVICE_FAMILY = "1,2";
				TEST_HOST = "$(BUILT_PRODUCTS_DIR)/Delegate.app/$(BUNDLE_EXECUTABLE_FOLDER_PATH)/Delegate";
			};
			name = Release;
		};
		D8D64F092A880366003D7375 /* Debug */ = {
			isa = XCBuildConfiguration;
			buildSettings = {
				ALWAYS_EMBED_SWIFT_STANDARD_LIBRARIES = YES;
				CODE_SIGN_STYLE = Automatic;
				CURRENT_PROJECT_VERSION = 1;
				DEVELOPMENT_TEAM = 9D9LRNTGK8;
				GENERATE_INFOPLIST_FILE = YES;
				MARKETING_VERSION = 1.0;
				PRODUCT_BUNDLE_IDENTIFIER = kz.gk.DelegateUITests;
				PRODUCT_NAME = "$(TARGET_NAME)";
				SWIFT_EMIT_LOC_STRINGS = NO;
				SWIFT_VERSION = 5.0;
				TARGETED_DEVICE_FAMILY = "1,2";
				TEST_TARGET_NAME = Delegate;
			};
			name = Debug;
		};
		D8D64F0A2A880366003D7375 /* Release */ = {
			isa = XCBuildConfiguration;
			buildSettings = {
				ALWAYS_EMBED_SWIFT_STANDARD_LIBRARIES = YES;
				CODE_SIGN_STYLE = Automatic;
				CURRENT_PROJECT_VERSION = 1;
				DEVELOPMENT_TEAM = 9D9LRNTGK8;
				GENERATE_INFOPLIST_FILE = YES;
				MARKETING_VERSION = 1.0;
				PRODUCT_BUNDLE_IDENTIFIER = kz.gk.DelegateUITests;
				PRODUCT_NAME = "$(TARGET_NAME)";
				SWIFT_EMIT_LOC_STRINGS = NO;
				SWIFT_VERSION = 5.0;
				TARGETED_DEVICE_FAMILY = "1,2";
				TEST_TARGET_NAME = Delegate;
			};
			name = Release;
		};
/* End XCBuildConfiguration section */

/* Begin XCConfigurationList section */
		D8D64ED02A880362003D7375 /* Build configuration list for PBXProject "Delegate" */ = {
			isa = XCConfigurationList;
			buildConfigurations = (
				D8D64F002A880366003D7375 /* Debug */,
				D8D64F012A880366003D7375 /* Release */,
			);
			defaultConfigurationIsVisible = 0;
			defaultConfigurationName = Release;
		};
		D8D64F022A880366003D7375 /* Build configuration list for PBXNativeTarget "Delegate" */ = {
			isa = XCConfigurationList;
			buildConfigurations = (
				D8D64F032A880366003D7375 /* Debug */,
				D8D64F042A880366003D7375 /* Release */,
			);
			defaultConfigurationIsVisible = 0;
			defaultConfigurationName = Release;
		};
		D8D64F052A880366003D7375 /* Build configuration list for PBXNativeTarget "DelegateTests" */ = {
			isa = XCConfigurationList;
			buildConfigurations = (
				D8D64F062A880366003D7375 /* Debug */,
				D8D64F072A880366003D7375 /* Release */,
			);
			defaultConfigurationIsVisible = 0;
			defaultConfigurationName = Release;
		};
		D8D64F082A880366003D7375 /* Build configuration list for PBXNativeTarget "DelegateUITests" */ = {
			isa = XCConfigurationList;
			buildConfigurations = (
				D8D64F092A880366003D7375 /* Debug */,
				D8D64F0A2A880366003D7375 /* Release */,
			);
			defaultConfigurationIsVisible = 0;
			defaultConfigurationName = Release;
		};
/* End XCConfigurationList section */

/* Begin XCVersionGroup section */
		D8D64EE12A880362003D7375 /* Delegate.xcdatamodeld */ = {
			isa = XCVersionGroup;
			children = (
				D8D64EE22A880362003D7375 /* Delegate.xcdatamodel */,
			);
			currentVersion = D8D64EE22A880362003D7375 /* Delegate.xcdatamodel */;
			path = Delegate.xcdatamodeld;
			sourceTree = "<group>";
			versionGroupType = wrapper.xcdatamodel;
		};
/* End XCVersionGroup section */
	};
	rootObject = D8D64ECD2A880362003D7375 /* Project object */;
}
